
Microsoft Visual Studio Solution File, Format Version 12.00
# Visual Studio Version 17
VisualStudioVersion = 17.1.32421.90
MinimumVisualStudioVersion = 10.0.40219.1
Project("{FAE04EC0-301F-11D3-BF4B-00C04F79EFBC}") = "Corona_project", "MyProject\Corona_project.csproj", "{94AE9FF7-BE1F-440D-9F23-08C9315DBFB7}"
EndProject
Project("{FAE04EC0-301F-11D3-BF4B-00C04F79EFBC}") = "Dal", "Dal\Dal.csproj", "{E7DB6046-EB39-4390-938D-E4D57CB09E01}"
EndProject
Project("{FAE04EC0-301F-11D3-BF4B-00C04F79EFBC}") = "Bll", "Bll\Bll.csproj", "{41653FC9-4914-47E6-AB07-A2059381AE25}"
EndProject
Global
	GlobalSection(SolutionConfigurationPlatforms) = preSolution
		Debug|Any CPU = Debug|Any CPU
		Release|Any CPU = Release|Any CPU
	EndGlobalSection
	GlobalSection(ProjectConfigurationPlatforms) = postSolution
		{94AE9FF7-BE1F-440D-9F23-08C9315DBFB7}.Debug|Any CPU.ActiveCfg = Debug|Any CPU
		{94AE9FF7-BE1F-440D-9F23-08C9315DBFB7}.Debug|Any CPU.Build.0 = Debug|Any CPU
		{94AE9FF7-BE1F-440D-9F23-08C9315DBFB7}.Release|Any CPU.ActiveCfg = Release|Any CPU
		{94AE9FF7-BE1F-440D-9F23-08C9315DBFB7}.Release|Any CPU.Build.0 = Release|Any CPU
		{E7DB6046-EB39-4390-938D-E4D57CB09E01}.Debug|Any CPU.ActiveCfg = Debug|Any CPU
		{E7DB6046-EB39-4390-938D-E4D57CB09E01}.Debug|Any CPU.Build.0 = Debug|Any CPU
		{E7DB6046-EB39-4390-938D-E4D57CB09E01}.Release|Any CPU.ActiveCfg = Release|Any CPU
		{E7DB6046-EB39-4390-938D-E4D57CB09E01}.Release|Any CPU.Build.0 = Release|Any CPU
		{41653FC9-4914-47E6-AB07-A2059381AE25}.Debug|Any CPU.ActiveCfg = Debug|Any CPU
		{41653FC9-4914-47E6-AB07-A2059381AE25}.Debug|Any CPU.Build.0 = Debug|Any CPU
		{41653FC9-4914-47E6-AB07-A2059381AE25}.Release|Any CPU.ActiveCfg = Release|Any CPU
		{41653FC9-4914-47E6-AB07-A2059381AE25}.Release|Any CPU.Build.0 = Release|Any CPU
	EndGlobalSection
	GlobalSection(SolutionProperties) = preSolution
		HideSolutionNode = FALSE
	EndGlobalSection
	GlobalSection(ExtensibilityGlobals) = postSolution
		SolutionGuid = {417677F0-2A74-44BE-BF36-8C06EF6C2A04}
	EndGlobalSection
EndGlobal
